# This file is autogenerated, do not edit; changes may be undone by the next 'dep ensure'.


[[projects]]
  name = "github.com/graphql-go/graphql"
  packages = [
    ".",
    "gqlerrors",
    "language/ast",
    "language/kinds",
    "language/lexer",
    "language/location",
    "language/parser",
    "language/printer",
    "language/source",
    "language/typeInfo",
    "language/visitor",
    "testutil"
  ]
  revision = "1e23489041ba90a66f317fe0deccb236a2fff3cb"
  version = "v0.7.5"

[[projects]]
  branch = "master"
  name = "github.com/graphql-go/relay"
  packages = [
    ".",
    "examples/starwars"
  ]
  revision = "54350098cfe5942bc76186efa1f29ca286f6d54d"

[[projects]]
  branch = "master"
  name = "github.com/kr/pretty"
  packages = ["."]
  revision = "cfb55aafdaf3ec08f0db22699ab822c50091b1c4"

[[projects]]
  branch = "master"
  name = "github.com/kr/text"
  packages = ["."]
  revision = "7cafcd837844e784b526369c9bce262804aebc60"

[[projects]]
  branch = "master"
  name = "golang.org/x/net"
  packages = ["context"]
  revision = "d41e8174641f662c5a2d1c7a5f9e828788eb8706"

[solve-meta]
  analyzer-name = "dep"
  analyzer-version = 1
  inputs-digest = "d19451d3969fe8efebec7beb50015309dc2e7c5894bb9b9bd1839593e768bf7d"
  solver-name = "gps-cdcl"
  solver-version = 1
